PODS:
  - Alamofire (2.0.0-beta.1)
  - CryptoSwift (0.0.10)
  - JSONWebToken (1.3.0):
    - CryptoSwift (= 0.0.10)
  - KeychainAccess (1.2.1)
  - SwiftyJSON (2.2.1)

DEPENDENCIES:
  - Alamofire (from `https://github.com/Alamofire/Alamofire.git`, branch `swift-2.0`)
  - JSONWebToken
  - KeychainAccess (from `https://github.com/kishikawakatsumi/KeychainAccess.git`,
    branch `swift-2.0`)
  - SwiftyJSON (from `https://github.com/SwiftyJSON/SwiftyJSON.git`, branch `xcode7`)

EXTERNAL SOURCES:
  Alamofire:
    :branch: swift-2.0
    :git: https://github.com/Alamofire/Alamofire.git
  KeychainAccess:
    :branch: swift-2.0
    :git: https://github.com/kishikawakatsumi/KeychainAccess.git
  SwiftyJSON:
    :branch: xcode7
    :git: https://github.com/SwiftyJSON/SwiftyJSON.git

CHECKOUT OPTIONS:
  Alamofire:
    :commit: f8f881c03f4d9515f09b8bb50fcc932df8c1960d
    :git: https://github.com/Alamofire/Alamofire.git
  KeychainAccess:
    :commit: 7879a49b81c553ad9b40cbafda34a881648e2ff3
    :git: https://github.com/kishikawakatsumi/KeychainAccess.git
  SwiftyJSON:
    :commit: f269523ac572979245baa99c8475eab73caf1e9b
    :git: https://github.com/SwiftyJSON/SwiftyJSON.git

SPEC CHECKSUMS:
  Alamofire: 96feccc1e48a735edb92395cf023ba4ed52bdb45
  CryptoSwift: 3b886d001f50deb65623a8967d68f6b8bf8d9ba1
  JSONWebToken: 14e526aba3efc39c9c23be51eab8caf65e7ee933
  KeychainAccess: 2ffa8b1b7130263bb7fe90b359d778696fc2d8ce
  SwiftyJSON: ae2d0a3d68025d136602a33c4ee215091ced3e33

COCOAPODS: 0.38.2
