PODS:
  - Alamofire (3.1.4)
  - CryptoSwift (0.0.14)
  - JSONWebToken (1.4.1):
    - CryptoSwift (= 0.0.14)
  - KeychainAccess (2.3.3)
  - SwiftyJSON (2.3.2)

DEPENDENCIES:
  - Alamofire
  - JSONWebToken
  - KeychainAccess
  - SwiftyJSON

SPEC CHECKSUMS:
  Alamofire: fbc829692f351fa1d8a31dd75fd7f7f56fea31fb
  CryptoSwift: 5a6b725e2ad65a789f5f435dd434d38eb2c40b46
  JSONWebToken: cf8b58850dc4cf38ce777a08753a2ea1620d960e
  KeychainAccess: 9b7e49e48277e329b1b3195e54697ed313d30acf
  SwiftyJSON: 04ccea08915aa0109039157c7974cf0298da292a

COCOAPODS: 0.38.2
