// !$*UTF8*$!
{
	archiveVersion = 1;
	classes = {
	};
	objectVersion = 46;
	objects = {

/* Begin PBXBuildFile section */
		650D6BDF1AE9813900F5EF87 /* AppDelegate.swift in Sources */ = {isa = PBXBuildFile; fileRef = 650D6BDE1AE9813900F5EF87 /* AppDelegate.swift */; };
		650D6BE41AE9813900F5EF87 /* MainMenu.xib in Resources */ = {isa = PBXBuildFile; fileRef = 650D6BE21AE9813900F5EF87 /* MainMenu.xib */; };
		650D6BF01AE9813900F5EF87 /* idrop_linkTests.swift in Sources */ = {isa = PBXBuildFile; fileRef = 650D6BEF1AE9813900F5EF87 /* idrop_linkTests.swift */; };
		650D6C081AE9818100F5EF87 /* MainMenu.xib in Resources */ = {isa = PBXBuildFile; fileRef = 650D6BFA1AE9818100F5EF87 /* MainMenu.xib */; };
		650D6C091AE9818100F5EF87 /* Config.swift in Sources */ = {isa = PBXBuildFile; fileRef = 650D6BFC1AE9818100F5EF87 /* Config.swift */; };
		650D6C0A1AE9818100F5EF87 /* IconView.swift in Sources */ = {isa = PBXBuildFile; fileRef = 650D6BFD1AE9818100F5EF87 /* IconView.swift */; };
		650D6C0E1AE9818100F5EF87 /* Networking.swift in Sources */ = {isa = PBXBuildFile; fileRef = 650D6C011AE9818100F5EF87 /* Networking.swift */; };
		650D6C0F1AE9818100F5EF87 /* Preferences.xib in Resources */ = {isa = PBXBuildFile; fileRef = 650D6C021AE9818100F5EF87 /* Preferences.xib */; };
		650D6C101AE9818100F5EF87 /* PreferencesWindowController.swift in Sources */ = {isa = PBXBuildFile; fileRef = 650D6C031AE9818100F5EF87 /* PreferencesWindowController.swift */; };
		650D6C111AE9818100F5EF87 /* icon.pxm in Resources */ = {isa = PBXBuildFile; fileRef = 650D6C051AE9818100F5EF87 /* icon.pxm */; };
		650D6C121AE9818100F5EF87 /* icon@2x.png in Resources */ = {isa = PBXBuildFile; fileRef = 650D6C061AE9818100F5EF87 /* icon@2x.png */; };
		650D6C131AE9818100F5EF87 /* User.swift in Sources */ = {isa = PBXBuildFile; fileRef = 650D6C071AE9818100F5EF87 /* User.swift */; };
		650D6C151AE981AE00F5EF87 /* Images.xcassets in Resources */ = {isa = PBXBuildFile; fileRef = 650D6C141AE981AE00F5EF87 /* Images.xcassets */; };
		6569DDF11AEEBF0B0085C52F /* NetworkingTest.swift in Sources */ = {isa = PBXBuildFile; fileRef = 6569DDF01AEEBF0B0085C52F /* NetworkingTest.swift */; };
		6569DDF21AEEC0160085C52F /* Networking.swift in Sources */ = {isa = PBXBuildFile; fileRef = 650D6C011AE9818100F5EF87 /* Networking.swift */; };
		6569DDF31AEEC7640085C52F /* Config.swift in Sources */ = {isa = PBXBuildFile; fileRef = 650D6BFC1AE9818100F5EF87 /* Config.swift */; };
		6569DDF61AEF6DCB0085C52F /* LoginWindowController.swift in Sources */ = {isa = PBXBuildFile; fileRef = 6569DDF41AEF6DCB0085C52F /* LoginWindowController.swift */; };
		6569DDF71AEF6DCB0085C52F /* Login.xib in Resources */ = {isa = PBXBuildFile; fileRef = 6569DDF51AEF6DCB0085C52F /* Login.xib */; };
		8421E7C843CCDCC470386320 /* Pods_idrop_linkTests.framework in Frameworks */ = {isa = PBXBuildFile; fileRef = 12402F28F58DB5F47D8E8C2C /* Pods_idrop_linkTests.framework */; settings = {ATTRIBUTES = (Weak, ); }; };
		9E62A87EBC7C66DB46EB117A /* Pods_idrop_link.framework in Frameworks */ = {isa = PBXBuildFile; fileRef = 3E2CD70BA3E0DD9446E0D27B /* Pods_idrop_link.framework */; settings = {ATTRIBUTES = (Weak, ); }; };
/* End PBXBuildFile section */

/* Begin PBXContainerItemProxy section */
		650D6BEA1AE9813900F5EF87 /* PBXContainerItemProxy */ = {
			isa = PBXContainerItemProxy;
			containerPortal = 650D6BD11AE9813800F5EF87 /* Project object */;
			proxyType = 1;
			remoteGlobalIDString = 650D6BD81AE9813800F5EF87;
			remoteInfo = idrop.link;
		};
/* End PBXContainerItemProxy section */

/* Begin PBXFileReference section */
		12402F28F58DB5F47D8E8C2C /* Pods_idrop_linkTests.framework */ = {isa = PBXFileReference; explicitFileType = wrapper.framework; includeInIndex = 0; path = Pods_idrop_linkTests.framework; sourceTree = BUILT_PRODUCTS_DIR; };
		13C3BF687D8538907481C822 /* Pods-idrop.link.release.xcconfig */ = {isa = PBXFileReference; includeInIndex = 1; lastKnownFileType = text.xcconfig; name = "Pods-idrop.link.release.xcconfig"; path = "Pods/Target Support Files/Pods-idrop.link/Pods-idrop.link.release.xcconfig"; sourceTree = "<group>"; };
		3E2CD70BA3E0DD9446E0D27B /* Pods_idrop_link.framework */ = {isa = PBXFileReference; explicitFileType = wrapper.framework; includeInIndex = 0; path = Pods_idrop_link.framework; sourceTree = BUILT_PRODUCTS_DIR; };
		650D6BD91AE9813800F5EF87 /* idrop.link.app */ = {isa = PBXFileReference; explicitFileType = wrapper.application; includeInIndex = 0; path = idrop.link.app; sourceTree = BUILT_PRODUCTS_DIR; };
		650D6BDD1AE9813900F5EF87 /* Info.plist */ = {isa = PBXFileReference; lastKnownFileType = text.plist.xml; path = Info.plist; sourceTree = "<group>"; };
		650D6BDE1AE9813900F5EF87 /* AppDelegate.swift */ = {isa = PBXFileReference; lastKnownFileType = sourcecode.swift; path = AppDelegate.swift; sourceTree = "<group>"; };
		650D6BE31AE9813900F5EF87 /* Base */ = {isa = PBXFileReference; lastKnownFileType = file.xib; name = Base; path = Base.lproj/MainMenu.xib; sourceTree = "<group>"; };
		650D6BE91AE9813900F5EF87 /* idrop.linkTests.xctest */ = {isa = PBXFileReference; explicitFileType = wrapper.cfbundle; includeInIndex = 0; path = idrop.linkTests.xctest; sourceTree = BUILT_PRODUCTS_DIR; };
		650D6BEE1AE9813900F5EF87 /* Info.plist */ = {isa = PBXFileReference; lastKnownFileType = text.plist.xml; path = Info.plist; sourceTree = "<group>"; };
		650D6BEF1AE9813900F5EF87 /* idrop_linkTests.swift */ = {isa = PBXFileReference; lastKnownFileType = sourcecode.swift; path = idrop_linkTests.swift; sourceTree = "<group>"; };
		650D6BFB1AE9818100F5EF87 /* Base */ = {isa = PBXFileReference; lastKnownFileType = file.xib; name = Base; path = MainMenu.xib; sourceTree = "<group>"; };
		650D6BFC1AE9818100F5EF87 /* Config.swift */ = {isa = PBXFileReference; fileEncoding = 4; lastKnownFileType = sourcecode.swift; path = Config.swift; sourceTree = "<group>"; };
		650D6BFD1AE9818100F5EF87 /* IconView.swift */ = {isa = PBXFileReference; fileEncoding = 4; lastKnownFileType = sourcecode.swift; path = IconView.swift; sourceTree = "<group>"; };
		650D6C011AE9818100F5EF87 /* Networking.swift */ = {isa = PBXFileReference; fileEncoding = 4; lastKnownFileType = sourcecode.swift; path = Networking.swift; sourceTree = "<group>"; };
		650D6C021AE9818100F5EF87 /* Preferences.xib */ = {isa = PBXFileReference; fileEncoding = 4; lastKnownFileType = file.xib; path = Preferences.xib; sourceTree = "<group>"; };
		650D6C031AE9818100F5EF87 /* PreferencesWindowController.swift */ = {isa = PBXFileReference; fileEncoding = 4; lastKnownFileType = sourcecode.swift; path = PreferencesWindowController.swift; sourceTree = "<group>"; };
		650D6C051AE9818100F5EF87 /* icon.pxm */ = {isa = PBXFileReference; lastKnownFileType = file; path = icon.pxm; sourceTree = "<group>"; };
		650D6C061AE9818100F5EF87 /* icon@2x.png */ = {isa = PBXFileReference; lastKnownFileType = image.png; path = "icon@2x.png"; sourceTree = "<group>"; };
		650D6C071AE9818100F5EF87 /* User.swift */ = {isa = PBXFileReference; fileEncoding = 4; lastKnownFileType = sourcecode.swift; path = User.swift; sourceTree = "<group>"; };
		650D6C141AE981AE00F5EF87 /* Images.xcassets */ = {isa = PBXFileReference; lastKnownFileType = folder.assetcatalog; path = Images.xcassets; sourceTree = "<group>"; };
		6569DDF01AEEBF0B0085C52F /* NetworkingTest.swift */ = {isa = PBXFileReference; fileEncoding = 4; lastKnownFileType = sourcecode.swift; path = NetworkingTest.swift; sourceTree = "<group>"; };
		6569DDF41AEF6DCB0085C52F /* LoginWindowController.swift */ = {isa = PBXFileReference; fileEncoding = 4; lastKnownFileType = sourcecode.swift; path = LoginWindowController.swift; sourceTree = "<group>"; };
		6569DDF51AEF6DCB0085C52F /* Login.xib */ = {isa = PBXFileReference; fileEncoding = 4; lastKnownFileType = file.xib; path = Login.xib; sourceTree = "<group>"; };
		7190E0C64D05D0A884E2AEB5 /* Pods-idrop.linkTests.debug.xcconfig */ = {isa = PBXFileReference; includeInIndex = 1; lastKnownFileType = text.xcconfig; name = "Pods-idrop.linkTests.debug.xcconfig"; path = "Pods/Target Support Files/Pods-idrop.linkTests/Pods-idrop.linkTests.debug.xcconfig"; sourceTree = "<group>"; };
		8F377CE9E0BB35F950140474 /* Pods-idrop.linkTests.release.xcconfig */ = {isa = PBXFileReference; includeInIndex = 1; lastKnownFileType = text.xcconfig; name = "Pods-idrop.linkTests.release.xcconfig"; path = "Pods/Target Support Files/Pods-idrop.linkTests/Pods-idrop.linkTests.release.xcconfig"; sourceTree = "<group>"; };
		AD8B9A7AF207F1BDF00D5E64 /* Pods-idrop.link.debug.xcconfig */ = {isa = PBXFileReference; includeInIndex = 1; lastKnownFileType = text.xcconfig; name = "Pods-idrop.link.debug.xcconfig"; path = "Pods/Target Support Files/Pods-idrop.link/Pods-idrop.link.debug.xcconfig"; sourceTree = "<group>"; };
/* End PBXFileReference section */

/* Begin PBXFrameworksBuildPhase section */
		650D6BD61AE9813800F5EF87 /* Frameworks */ = {
			isa = PBXFrameworksBuildPhase;
			buildActionMask = 2147483647;
			files = (
				9E62A87EBC7C66DB46EB117A /* Pods_idrop_link.framework in Frameworks */,
			);
			runOnlyForDeploymentPostprocessing = 0;
		};
		650D6BE61AE9813900F5EF87 /* Frameworks */ = {
			isa = PBXFrameworksBuildPhase;
			buildActionMask = 2147483647;
			files = (
				8421E7C843CCDCC470386320 /* Pods_idrop_linkTests.framework in Frameworks */,
			);
			runOnlyForDeploymentPostprocessing = 0;
		};
/* End PBXFrameworksBuildPhase section */

/* Begin PBXGroup section */
		0A54DFCB78B9AE1AB34EFF43 /* Frameworks */ = {
			isa = PBXGroup;
			children = (
				3E2CD70BA3E0DD9446E0D27B /* Pods_idrop_link.framework */,
				12402F28F58DB5F47D8E8C2C /* Pods_idrop_linkTests.framework */,
			);
			name = Frameworks;
			sourceTree = "<group>";
		};
		57D4BC40B4C9863EBE8A0EF3 /* Pods */ = {
			isa = PBXGroup;
			children = (
				AD8B9A7AF207F1BDF00D5E64 /* Pods-idrop.link.debug.xcconfig */,
				13C3BF687D8538907481C822 /* Pods-idrop.link.release.xcconfig */,
				7190E0C64D05D0A884E2AEB5 /* Pods-idrop.linkTests.debug.xcconfig */,
				8F377CE9E0BB35F950140474 /* Pods-idrop.linkTests.release.xcconfig */,
			);
			name = Pods;
			sourceTree = "<group>";
		};
		650D6BD01AE9813800F5EF87 = {
			isa = PBXGroup;
			children = (
				650D6BDB1AE9813900F5EF87 /* idrop.link */,
				650D6BEC1AE9813900F5EF87 /* idrop.linkTests */,
				650D6BDA1AE9813900F5EF87 /* Products */,
				57D4BC40B4C9863EBE8A0EF3 /* Pods */,
				0A54DFCB78B9AE1AB34EFF43 /* Frameworks */,
			);
			sourceTree = "<group>";
		};
		650D6BDA1AE9813900F5EF87 /* Products */ = {
			isa = PBXGroup;
			children = (
				650D6BD91AE9813800F5EF87 /* idrop.link.app */,
				650D6BE91AE9813900F5EF87 /* idrop.linkTests.xctest */,
			);
			name = Products;
			sourceTree = "<group>";
		};
		650D6BDB1AE9813900F5EF87 /* idrop.link */ = {
			isa = PBXGroup;
			children = (
				650D6C141AE981AE00F5EF87 /* Images.xcassets */,
				650D6BF91AE9818100F5EF87 /* Base.lproj */,
				650D6BDE1AE9813900F5EF87 /* AppDelegate.swift */,
				650D6BFC1AE9818100F5EF87 /* Config.swift */,
				650D6BE21AE9813900F5EF87 /* MainMenu.xib */,
				6569DDFC1AEF9FFA0085C52F /* Custom Views */,
				6569DDFB1AEF9FEC0085C52F /* Library */,
				6569DDF91AEF9FCC0085C52F /* Windows */,
				650D6C041AE9818100F5EF87 /* Resources */,
				650D6BDC1AE9813900F5EF87 /* Supporting Files */,
			);
			path = idrop.link;
			sourceTree = "<group>";
		};
		650D6BDC1AE9813900F5EF87 /* Supporting Files */ = {
			isa = PBXGroup;
			children = (
				650D6BDD1AE9813900F5EF87 /* Info.plist */,
			);
			name = "Supporting Files";
			sourceTree = "<group>";
		};
		650D6BEC1AE9813900F5EF87 /* idrop.linkTests */ = {
			isa = PBXGroup;
			children = (
				650D6BEF1AE9813900F5EF87 /* idrop_linkTests.swift */,
				6569DDF01AEEBF0B0085C52F /* NetworkingTest.swift */,
				650D6BED1AE9813900F5EF87 /* Supporting Files */,
			);
			path = idrop.linkTests;
			sourceTree = "<group>";
		};
		650D6BED1AE9813900F5EF87 /* Supporting Files */ = {
			isa = PBXGroup;
			children = (
				650D6BEE1AE9813900F5EF87 /* Info.plist */,
			);
			name = "Supporting Files";
			sourceTree = "<group>";
		};
		650D6BF91AE9818100F5EF87 /* Base.lproj */ = {
			isa = PBXGroup;
			children = (
				650D6BFA1AE9818100F5EF87 /* MainMenu.xib */,
			);
			path = Base.lproj;
			sourceTree = "<group>";
		};
		650D6C041AE9818100F5EF87 /* Resources */ = {
			isa = PBXGroup;
			children = (
				650D6C051AE9818100F5EF87 /* icon.pxm */,
				650D6C061AE9818100F5EF87 /* icon@2x.png */,
			);
			path = Resources;
			sourceTree = "<group>";
		};
		6569DDF81AEF9FC60085C52F /* Login Window */ = {
			isa = PBXGroup;
			children = (
				6569DDF41AEF6DCB0085C52F /* LoginWindowController.swift */,
				6569DDF51AEF6DCB0085C52F /* Login.xib */,
			);
			name = "Login Window";
			sourceTree = "<group>";
		};
		6569DDF91AEF9FCC0085C52F /* Windows */ = {
			isa = PBXGroup;
			children = (
				6569DDF81AEF9FC60085C52F /* Login Window */,
				6569DDFA1AEF9FDB0085C52F /* Preferences Window */,
			);
			name = Windows;
			sourceTree = "<group>";
		};
		6569DDFA1AEF9FDB0085C52F /* Preferences Window */ = {
			isa = PBXGroup;
			children = (
				650D6C021AE9818100F5EF87 /* Preferences.xib */,
				650D6C031AE9818100F5EF87 /* PreferencesWindowController.swift */,
			);
			name = "Preferences Window";
			sourceTree = "<group>";
		};
		6569DDFB1AEF9FEC0085C52F /* Library */ = {
			isa = PBXGroup;
			children = (
				650D6C011AE9818100F5EF87 /* Networking.swift */,
				650D6C071AE9818100F5EF87 /* User.swift */,
			);
			name = Library;
			sourceTree = "<group>";
		};
		6569DDFC1AEF9FFA0085C52F /* Custom Views */ = {
			isa = PBXGroup;
			children = (
				650D6BFD1AE9818100F5EF87 /* IconView.swift */,
			);
			name = "Custom Views";
			sourceTree = "<group>";
		};
/* End PBXGroup section */

/* Begin PBXNativeTarget section */
		650D6BD81AE9813800F5EF87 /* idrop.link */ = {
			isa = PBXNativeTarget;
			buildConfigurationList = 650D6BF31AE9813900F5EF87 /* Build configuration list for PBXNativeTarget "idrop.link" */;
			buildPhases = (
				EC242B6D55B5F1C24F0F8A66 /* Check Pods Manifest.lock */,
				650D6BD51AE9813800F5EF87 /* Sources */,
				650D6BD61AE9813800F5EF87 /* Frameworks */,
				650D6BD71AE9813800F5EF87 /* Resources */,
				98EB54C50F63BD956D170C04 /* Embed Pods Frameworks */,
				7599EBB00897BC1672F2DA57 /* Copy Pods Resources */,
			);
			buildRules = (
			);
			dependencies = (
			);
			name = idrop.link;
			productName = idrop.link;
			productReference = 650D6BD91AE9813800F5EF87 /* idrop.link.app */;
			productType = "com.apple.product-type.application";
		};
		650D6BE81AE9813900F5EF87 /* idrop.linkTests */ = {
			isa = PBXNativeTarget;
			buildConfigurationList = 650D6BF61AE9813900F5EF87 /* Build configuration list for PBXNativeTarget "idrop.linkTests" */;
			buildPhases = (
				A1B6ADCB78B9B8341FC57A7E /* Check Pods Manifest.lock */,
				650D6BE51AE9813900F5EF87 /* Sources */,
				650D6BE61AE9813900F5EF87 /* Frameworks */,
				650D6BE71AE9813900F5EF87 /* Resources */,
				8A40402A2947EA1F86CE5798 /* Embed Pods Frameworks */,
				E107B1C11CA2E8A263A949B8 /* Copy Pods Resources */,
			);
			buildRules = (
			);
			dependencies = (
				650D6BEB1AE9813900F5EF87 /* PBXTargetDependency */,
			);
			name = idrop.linkTests;
			productName = idrop.linkTests;
			productReference = 650D6BE91AE9813900F5EF87 /* idrop.linkTests.xctest */;
			productType = "com.apple.product-type.bundle.unit-test";
		};
/* End PBXNativeTarget section */

/* Begin PBXProject section */
		650D6BD11AE9813800F5EF87 /* Project object */ = {
			isa = PBXProject;
			attributes = {
				LastUpgradeCheck = 0630;
				ORGANIZATIONNAME = andinfinity;
				TargetAttributes = {
					650D6BD81AE9813800F5EF87 = {
						CreatedOnToolsVersion = 6.3;
					};
					650D6BE81AE9813900F5EF87 = {
						CreatedOnToolsVersion = 6.3;
						TestTargetID = 650D6BD81AE9813800F5EF87;
					};
				};
			};
			buildConfigurationList = 650D6BD41AE9813800F5EF87 /* Build configuration list for PBXProject "idrop.link" */;
			compatibilityVersion = "Xcode 3.2";
			developmentRegion = English;
			hasScannedForEncodings = 0;
			knownRegions = (
				en,
				Base,
			);
			mainGroup = 650D6BD01AE9813800F5EF87;
			productRefGroup = 650D6BDA1AE9813900F5EF87 /* Products */;
			projectDirPath = "";
			projectRoot = "";
			targets = (
				650D6BD81AE9813800F5EF87 /* idrop.link */,
				650D6BE81AE9813900F5EF87 /* idrop.linkTests */,
			);
		};
/* End PBXProject section */

/* Begin PBXResourcesBuildPhase section */
		650D6BD71AE9813800F5EF87 /* Resources */ = {
			isa = PBXResourcesBuildPhase;
			buildActionMask = 2147483647;
			files = (
				650D6C121AE9818100F5EF87 /* icon@2x.png in Resources */,
				650D6C111AE9818100F5EF87 /* icon.pxm in Resources */,
				650D6C151AE981AE00F5EF87 /* Images.xcassets in Resources */,
				6569DDF71AEF6DCB0085C52F /* Login.xib in Resources */,
				650D6BE41AE9813900F5EF87 /* MainMenu.xib in Resources */,
				650D6C0F1AE9818100F5EF87 /* Preferences.xib in Resources */,
				650D6C081AE9818100F5EF87 /* MainMenu.xib in Resources */,
			);
			runOnlyForDeploymentPostprocessing = 0;
		};
		650D6BE71AE9813900F5EF87 /* Resources */ = {
			isa = PBXResourcesBuildPhase;
			buildActionMask = 2147483647;
			files = (
			);
			runOnlyForDeploymentPostprocessing = 0;
		};
/* End PBXResourcesBuildPhase section */

/* Begin PBXShellScriptBuildPhase section */
		7599EBB00897BC1672F2DA57 /* Copy Pods Resources */ = {
			isa = PBXShellScriptBuildPhase;
			buildActionMask = 2147483647;
			files = (
			);
			inputPaths = (
			);
			name = "Copy Pods Resources";
			outputPaths = (
			);
			runOnlyForDeploymentPostprocessing = 0;
			shellPath = /bin/sh;
			shellScript = "\"${SRCROOT}/Pods/Target Support Files/Pods-idrop.link/Pods-idrop.link-resources.sh\"\n";
			showEnvVarsInLog = 0;
		};
		8A40402A2947EA1F86CE5798 /* Embed Pods Frameworks */ = {
			isa = PBXShellScriptBuildPhase;
			buildActionMask = 2147483647;
			files = (
			);
			inputPaths = (
			);
			name = "Embed Pods Frameworks";
			outputPaths = (
			);
			runOnlyForDeploymentPostprocessing = 0;
			shellPath = /bin/sh;
			shellScript = "\"${SRCROOT}/Pods/Target Support Files/Pods-idrop.linkTests/Pods-idrop.linkTests-frameworks.sh\"\n";
			showEnvVarsInLog = 0;
		};
		98EB54C50F63BD956D170C04 /* Embed Pods Frameworks */ = {
			isa = PBXShellScriptBuildPhase;
			buildActionMask = 2147483647;
			files = (
			);
			inputPaths = (
			);
			name = "Embed Pods Frameworks";
			outputPaths = (
			);
			runOnlyForDeploymentPostprocessing = 0;
			shellPath = /bin/sh;
			shellScript = "\"${SRCROOT}/Pods/Target Support Files/Pods-idrop.link/Pods-idrop.link-frameworks.sh\"\n";
			showEnvVarsInLog = 0;
		};
		A1B6ADCB78B9B8341FC57A7E /* Check Pods Manifest.lock */ = {
			isa = PBXShellScriptBuildPhase;
			buildActionMask = 2147483647;
			files = (
			);
			inputPaths = (
			);
			name = "Check Pods Manifest.lock";
			outputPaths = (
			);
			runOnlyForDeploymentPostprocessing = 0;
			shellPath = /bin/sh;
			shellScript = "diff \"${PODS_ROOT}/../Podfile.lock\" \"${PODS_ROOT}/Manifest.lock\" > /dev/null\nif [[ $? != 0 ]] ; then\n    cat << EOM\nerror: The sandbox is not in sync with the Podfile.lock. Run 'pod install' or update your CocoaPods installation.\nEOM\n    exit 1\nfi\n";
			showEnvVarsInLog = 0;
		};
		E107B1C11CA2E8A263A949B8 /* Copy Pods Resources */ = {
			isa = PBXShellScriptBuildPhase;
			buildActionMask = 2147483647;
			files = (
			);
			inputPaths = (
			);
			name = "Copy Pods Resources";
			outputPaths = (
			);
			runOnlyForDeploymentPostprocessing = 0;
			shellPath = /bin/sh;
			shellScript = "\"${SRCROOT}/Pods/Target Support Files/Pods-idrop.linkTests/Pods-idrop.linkTests-resources.sh\"\n";
			showEnvVarsInLog = 0;
		};
		EC242B6D55B5F1C24F0F8A66 /* Check Pods Manifest.lock */ = {
			isa = PBXShellScriptBuildPhase;
			buildActionMask = 2147483647;
			files = (
			);
			inputPaths = (
			);
			name = "Check Pods Manifest.lock";
			outputPaths = (
			);
			runOnlyForDeploymentPostprocessing = 0;
			shellPath = /bin/sh;
			shellScript = "diff \"${PODS_ROOT}/../Podfile.lock\" \"${PODS_ROOT}/Manifest.lock\" > /dev/null\nif [[ $? != 0 ]] ; then\n    cat << EOM\nerror: The sandbox is not in sync with the Podfile.lock. Run 'pod install' or update your CocoaPods installation.\nEOM\n    exit 1\nfi\n";
			showEnvVarsInLog = 0;
		};
/* End PBXShellScriptBuildPhase section */

/* Begin PBXSourcesBuildPhase section */
		650D6BD51AE9813800F5EF87 /* Sources */ = {
			isa = PBXSourcesBuildPhase;
			buildActionMask = 2147483647;
			files = (
				650D6C101AE9818100F5EF87 /* PreferencesWindowController.swift in Sources */,
				650D6BDF1AE9813900F5EF87 /* AppDelegate.swift in Sources */,
				650D6C0E1AE9818100F5EF87 /* Networking.swift in Sources */,
				650D6C0A1AE9818100F5EF87 /* IconView.swift in Sources */,
				650D6C091AE9818100F5EF87 /* Config.swift in Sources */,
				650D6C131AE9818100F5EF87 /* User.swift in Sources */,
				6569DDF61AEF6DCB0085C52F /* LoginWindowController.swift in Sources */,
			);
			runOnlyForDeploymentPostprocessing = 0;
		};
		650D6BE51AE9813900F5EF87 /* Sources */ = {
			isa = PBXSourcesBuildPhase;
			buildActionMask = 2147483647;
			files = (
				6569DDF21AEEC0160085C52F /* Networking.swift in Sources */,
				6569DDF31AEEC7640085C52F /* Config.swift in Sources */,
				650D6BF01AE9813900F5EF87 /* idrop_linkTests.swift in Sources */,
				6569DDF11AEEBF0B0085C52F /* NetworkingTest.swift in Sources */,
			);
			runOnlyForDeploymentPostprocessing = 0;
		};
/* End PBXSourcesBuildPhase section */

/* Begin PBXTargetDependency section */
		650D6BEB1AE9813900F5EF87 /* PBXTargetDependency */ = {
			isa = PBXTargetDependency;
			target = 650D6BD81AE9813800F5EF87 /* idrop.link */;
			targetProxy = 650D6BEA1AE9813900F5EF87 /* PBXContainerItemProxy */;
		};
/* End PBXTargetDependency section */

/* Begin PBXVariantGroup section */
		650D6BE21AE9813900F5EF87 /* MainMenu.xib */ = {
			isa = PBXVariantGroup;
			children = (
				650D6BE31AE9813900F5EF87 /* Base */,
			);
			name = MainMenu.xib;
			sourceTree = "<group>";
		};
		650D6BFA1AE9818100F5EF87 /* MainMenu.xib */ = {
			isa = PBXVariantGroup;
			children = (
				650D6BFB1AE9818100F5EF87 /* Base */,
			);
			name = MainMenu.xib;
			sourceTree = "<group>";
		};
/* End PBXVariantGroup section */

/* Begin XCBuildConfiguration section */
		650D6BF11AE9813900F5EF87 /* Debug */ = {
			isa = XCBuildConfiguration;
			buildSettings = {
				ALWAYS_SEARCH_USER_PATHS = NO;
				CLANG_CXX_LANGUAGE_STANDARD = "gnu++0x";
				CLANG_CXX_LIBRARY = "libc++";
				CLANG_ENABLE_MODULES = YES;
				CLANG_ENABLE_OBJC_ARC = YES;
				CLANG_WARN_BOOL_CONVERSION = YES;
				CLANG_WARN_CONSTANT_CONVERSION = YES;
				CLANG_WARN_DIRECT_OBJC_ISA_USAGE = YES_ERROR;
				CLANG_WARN_EMPTY_BODY = YES;
				CLANG_WARN_ENUM_CONVERSION = YES;
				CLANG_WARN_INT_CONVERSION = YES;
				CLANG_WARN_OBJC_ROOT_CLASS = YES_ERROR;
				CLANG_WARN_UNREACHABLE_CODE = YES;
				CLANG_WARN__DUPLICATE_METHOD_MATCH = YES;
				CODE_SIGN_IDENTITY = "-";
				COPY_PHASE_STRIP = NO;
				DEBUG_INFORMATION_FORMAT = dwarf;
				ENABLE_STRICT_OBJC_MSGSEND = YES;
				GCC_C_LANGUAGE_STANDARD = gnu99;
				GCC_DYNAMIC_NO_PIC = NO;
				GCC_NO_COMMON_BLOCKS = YES;
				GCC_OPTIMIZATION_LEVEL = 0;
				GCC_PREPROCESSOR_DEFINITIONS = (
					"DEBUG=1",
					"$(inherited)",
				);
				GCC_SYMBOLS_PRIVATE_EXTERN = NO;
				GCC_WARN_64_TO_32_BIT_CONVERSION = YES;
				GCC_WARN_ABOUT_RETURN_TYPE = YES_ERROR;
				GCC_WARN_UNDECLARED_SELECTOR = YES;
				GCC_WARN_UNINITIALIZED_AUTOS = YES_AGGRESSIVE;
				GCC_WARN_UNUSED_FUNCTION = YES;
				GCC_WARN_UNUSED_VARIABLE = YES;
				MACOSX_DEPLOYMENT_TARGET = 10.10;
				MTL_ENABLE_DEBUG_INFO = YES;
				ONLY_ACTIVE_ARCH = YES;
				SDKROOT = macosx;
				SWIFT_OPTIMIZATION_LEVEL = "-Onone";
			};
			name = Debug;
		};
		650D6BF21AE9813900F5EF87 /* Release */ = {
			isa = XCBuildConfiguration;
			buildSettings = {
				ALWAYS_SEARCH_USER_PATHS = NO;
				CLANG_CXX_LANGUAGE_STANDARD = "gnu++0x";
				CLANG_CXX_LIBRARY = "libc++";
				CLANG_ENABLE_MODULES = YES;
				CLANG_ENABLE_OBJC_ARC = YES;
				CLANG_WARN_BOOL_CONVERSION = YES;
				CLANG_WARN_CONSTANT_CONVERSION = YES;
				CLANG_WARN_DIRECT_OBJC_ISA_USAGE = YES_ERROR;
				CLANG_WARN_EMPTY_BODY = YES;
				CLANG_WARN_ENUM_CONVERSION = YES;
				CLANG_WARN_INT_CONVERSION = YES;
				CLANG_WARN_OBJC_ROOT_CLASS = YES_ERROR;
				CLANG_WARN_UNREACHABLE_CODE = YES;
				CLANG_WARN__DUPLICATE_METHOD_MATCH = YES;
				CODE_SIGN_IDENTITY = "-";
				COPY_PHASE_STRIP = NO;
				DEBUG_INFORMATION_FORMAT = "dwarf-with-dsym";
				ENABLE_NS_ASSERTIONS = NO;
				ENABLE_STRICT_OBJC_MSGSEND = YES;
				GCC_C_LANGUAGE_STANDARD = gnu99;
				GCC_NO_COMMON_BLOCKS = YES;
				GCC_WARN_64_TO_32_BIT_CONVERSION = YES;
				GCC_WARN_ABOUT_RETURN_TYPE = YES_ERROR;
				GCC_WARN_UNDECLARED_SELECTOR = YES;
				GCC_WARN_UNINITIALIZED_AUTOS = YES_AGGRESSIVE;
				GCC_WARN_UNUSED_FUNCTION = YES;
				GCC_WARN_UNUSED_VARIABLE = YES;
				MACOSX_DEPLOYMENT_TARGET = 10.10;
				MTL_ENABLE_DEBUG_INFO = NO;
				SDKROOT = macosx;
			};
			name = Release;
		};
		650D6BF41AE9813900F5EF87 /* Debug */ = {
			isa = XCBuildConfiguration;
			baseConfigurationReference = AD8B9A7AF207F1BDF00D5E64 /* Pods-idrop.link.debug.xcconfig */;
			buildSettings = {
				ASSETCATALOG_COMPILER_APPICON_NAME = AppIcon;
				COMBINE_HIDPI_IMAGES = YES;
				INFOPLIST_FILE = idrop.link/Info.plist;
				LD_RUNPATH_SEARCH_PATHS = "$(inherited) @executable_path/../Frameworks";
				PRODUCT_NAME = "$(TARGET_NAME)";
			};
			name = Debug;
		};
		650D6BF51AE9813900F5EF87 /* Release */ = {
			isa = XCBuildConfiguration;
			baseConfigurationReference = 13C3BF687D8538907481C822 /* Pods-idrop.link.release.xcconfig */;
			buildSettings = {
				ASSETCATALOG_COMPILER_APPICON_NAME = AppIcon;
				COMBINE_HIDPI_IMAGES = YES;
				INFOPLIST_FILE = idrop.link/Info.plist;
				LD_RUNPATH_SEARCH_PATHS = "$(inherited) @executable_path/../Frameworks";
				PRODUCT_NAME = "$(TARGET_NAME)";
			};
			name = Release;
		};
		650D6BF71AE9813900F5EF87 /* Debug */ = {
			isa = XCBuildConfiguration;
			baseConfigurationReference = 7190E0C64D05D0A884E2AEB5 /* Pods-idrop.linkTests.debug.xcconfig */;
			buildSettings = {
				BUNDLE_LOADER = "$(TEST_HOST)";
				COMBINE_HIDPI_IMAGES = YES;
				FRAMEWORK_SEARCH_PATHS = (
					"$(DEVELOPER_FRAMEWORKS_DIR)",
					"$(inherited)",
				);
				GCC_PREPROCESSOR_DEFINITIONS = (
					"DEBUG=1",
					"$(inherited)",
				);
				INFOPLIST_FILE = idrop.linkTests/Info.plist;
				LD_RUNPATH_SEARCH_PATHS = "$(inherited) @executable_path/../Frameworks @loader_path/../Frameworks";
				PRODUCT_NAME = "$(TARGET_NAME)";
				TEST_HOST = "$(BUILT_PRODUCTS_DIR)/idrop.link.app/Contents/MacOS/idrop.link";
			};
			name = Debug;
		};
		650D6BF81AE9813900F5EF87 /* Release */ = {
			isa = XCBuildConfiguration;
			baseConfigurationReference = 8F377CE9E0BB35F950140474 /* Pods-idrop.linkTests.release.xcconfig */;
			buildSettings = {
				BUNDLE_LOADER = "$(TEST_HOST)";
				COMBINE_HIDPI_IMAGES = YES;
				FRAMEWORK_SEARCH_PATHS = (
					"$(DEVELOPER_FRAMEWORKS_DIR)",
					"$(inherited)",
				);
				INFOPLIST_FILE = idrop.linkTests/Info.plist;
				LD_RUNPATH_SEARCH_PATHS = "$(inherited) @executable_path/../Frameworks @loader_path/../Frameworks";
				PRODUCT_NAME = "$(TARGET_NAME)";
				TEST_HOST = "$(BUILT_PRODUCTS_DIR)/idrop.link.app/Contents/MacOS/idrop.link";
			};
			name = Release;
		};
/* End XCBuildConfiguration section */

/* Begin XCConfigurationList section */
		650D6BD41AE9813800F5EF87 /* Build configuration list for PBXProject "idrop.link" */ = {
			isa = XCConfigurationList;
			buildConfigurations = (
				650D6BF11AE9813900F5EF87 /* Debug */,
				650D6BF21AE9813900F5EF87 /* Release */,
			);
			defaultConfigurationIsVisible = 0;
			defaultConfigurationName = Release;
		};
		650D6BF31AE9813900F5EF87 /* Build configuration list for PBXNativeTarget "idrop.link" */ = {
			isa = XCConfigurationList;
			buildConfigurations = (
				650D6BF41AE9813900F5EF87 /* Debug */,
				650D6BF51AE9813900F5EF87 /* Release */,
			);
			defaultConfigurationIsVisible = 0;
			defaultConfigurationName = Release;
		};
		650D6BF61AE9813900F5EF87 /* Build configuration list for PBXNativeTarget "idrop.linkTests" */ = {
			isa = XCConfigurationList;
			buildConfigurations = (
				650D6BF71AE9813900F5EF87 /* Debug */,
				650D6BF81AE9813900F5EF87 /* Release */,
			);
			defaultConfigurationIsVisible = 0;
			defaultConfigurationName = Release;
		};
/* End XCConfigurationList section */
	};
	rootObject = 650D6BD11AE9813800F5EF87 /* Project object */;
}
